
Microsoft Visual Studio Solution File, Format Version 12.00
# Visual Studio Version 17
VisualStudioVersion = 17.5.33502.453
MinimumVisualStudioVersion = 10.0.40219.1
Project("{FAE04EC0-301F-11D3-BF4B-00C04F79EFBC}") = "StajyerUygulamasi", "StajyerUygulamasi.csproj", "{4A0B7513-8FCE-4480-BBFE-32702AEB8911}"
EndProject
Global
	GlobalSection(SolutionConfigurationPlatforms) = preSolution
		Debug|Any CPU = Debug|Any CPU
		Release|Any CPU = Release|Any CPU
	EndGlobalSection
	GlobalSection(ProjectConfigurationPlatforms) = postSolution
		{4A0B7513-8FCE-4480-BBFE-32702AEB8911}.Debug|Any CPU.ActiveCfg = Debug|Any CPU
		{4A0B7513-8FCE-4480-BBFE-32702AEB8911}.Debug|Any CPU.Build.0 = Debug|Any CPU
		{4A0B7513-8FCE-4480-BBFE-32702AEB8911}.Release|Any CPU.ActiveCfg = Release|Any CPU
		{4A0B7513-8FCE-4480-BBFE-32702AEB8911}.Release|Any CPU.Build.0 = Release|Any CPU
	EndGlobalSection
	GlobalSection(SolutionProperties) = preSolution
		HideSolutionNode = FALSE
	EndGlobalSection
	GlobalSection(ExtensibilityGlobals) = postSolution
		SolutionGuid = {F1118E06-A4A1-4241-ACB6-D62E4484DBA2}
	EndGlobalSection
EndGlobal
